
Microsoft Visual Studio Solution File, Format Version 12.00
# Visual Studio Version 16
VisualStudioVersion = 16.0.32106.194
MinimumVisualStudioVersion = 10.0.40219.1
Project("{FAE04EC0-301F-11D3-BF4B-00C04F79EFBC}") = "DirectoriesAndFiles", "DirectoriesAndFiles\DirectoriesAndFiles.csproj", "{80FA8D91-B279-4A93-B119-1435A6A0BA8D}"
EndProject
Project("{FAE04EC0-301F-11D3-BF4B-00C04F79EFBC}") = "WishList", "WishList\WishList.csproj", "{6D58DA37-C2D3-4A22-980F-1BE2D95CAC84}"
EndProject
Project("{FAE04EC0-301F-11D3-BF4B-00C04F79EFBC}") = "MyWishListFile", "MyWishListFile\MyWishListFile.csproj", "{202B6391-452A-4F08-A82C-18C900937DF8}"
EndProject
Project("{FAE04EC0-301F-11D3-BF4B-00C04F79EFBC}") = "ShoppingList", "ShoppingList\ShoppingList.csproj", "{7789DB32-2862-4597-8AB3-D83C4AE95395}"
EndProject
Project("{FAE04EC0-301F-11D3-BF4B-00C04F79EFBC}") = "MyShoppingList.txt", "MyShoppingList.txt\MyShoppingList.txt.csproj", "{61175364-0FCD-46C2-BB3E-368FF7B86721}"
EndProject
Global
	GlobalSection(SolutionConfigurationPlatforms) = preSolution
		Debug|Any CPU = Debug|Any CPU
		Release|Any CPU = Release|Any CPU
	EndGlobalSection
	GlobalSection(ProjectConfigurationPlatforms) = postSolution
		{80FA8D91-B279-4A93-B119-1435A6A0BA8D}.Debug|Any CPU.ActiveCfg = Debug|Any CPU
		{80FA8D91-B279-4A93-B119-1435A6A0BA8D}.Debug|Any CPU.Build.0 = Debug|Any CPU
		{80FA8D91-B279-4A93-B119-1435A6A0BA8D}.Release|Any CPU.ActiveCfg = Release|Any CPU
		{80FA8D91-B279-4A93-B119-1435A6A0BA8D}.Release|Any CPU.Build.0 = Release|Any CPU
		{6D58DA37-C2D3-4A22-980F-1BE2D95CAC84}.Debug|Any CPU.ActiveCfg = Debug|Any CPU
		{6D58DA37-C2D3-4A22-980F-1BE2D95CAC84}.Debug|Any CPU.Build.0 = Debug|Any CPU
		{6D58DA37-C2D3-4A22-980F-1BE2D95CAC84}.Release|Any CPU.ActiveCfg = Release|Any CPU
		{6D58DA37-C2D3-4A22-980F-1BE2D95CAC84}.Release|Any CPU.Build.0 = Release|Any CPU
		{202B6391-452A-4F08-A82C-18C900937DF8}.Debug|Any CPU.ActiveCfg = Debug|Any CPU
		{202B6391-452A-4F08-A82C-18C900937DF8}.Debug|Any CPU.Build.0 = Debug|Any CPU
		{202B6391-452A-4F08-A82C-18C900937DF8}.Release|Any CPU.ActiveCfg = Release|Any CPU
		{202B6391-452A-4F08-A82C-18C900937DF8}.Release|Any CPU.Build.0 = Release|Any CPU
		{7789DB32-2862-4597-8AB3-D83C4AE95395}.Debug|Any CPU.ActiveCfg = Debug|Any CPU
		{7789DB32-2862-4597-8AB3-D83C4AE95395}.Debug|Any CPU.Build.0 = Debug|Any CPU
		{7789DB32-2862-4597-8AB3-D83C4AE95395}.Release|Any CPU.ActiveCfg = Release|Any CPU
		{7789DB32-2862-4597-8AB3-D83C4AE95395}.Release|Any CPU.Build.0 = Release|Any CPU
		{61175364-0FCD-46C2-BB3E-368FF7B86721}.Debug|Any CPU.ActiveCfg = Debug|Any CPU
		{61175364-0FCD-46C2-BB3E-368FF7B86721}.Debug|Any CPU.Build.0 = Debug|Any CPU
		{61175364-0FCD-46C2-BB3E-368FF7B86721}.Release|Any CPU.ActiveCfg = Release|Any CPU
		{61175364-0FCD-46C2-BB3E-368FF7B86721}.Release|Any CPU.Build.0 = Release|Any CPU
	EndGlobalSection
	GlobalSection(SolutionProperties) = preSolution
		HideSolutionNode = FALSE
	EndGlobalSection
	GlobalSection(ExtensibilityGlobals) = postSolution
		SolutionGuid = {5FDCA461-3A70-48AD-8716-362A914388AE}
	EndGlobalSection
EndGlobal
